
Microsoft Visual Studio Solution File, Format Version 12.00
# Visual Studio Version 17
VisualStudioVersion = 17.4.33205.214
MinimumVisualStudioVersion = 10.0.40219.1
Project("{FAE04EC0-301F-11D3-BF4B-00C04F79EFBC}") = "FirstMVCApp", "FirstMVCApp.csproj", "{A35C094A-8926-456D-AF60-39FA7038D6E0}"
EndProject
Global
	GlobalSection(SolutionConfigurationPlatforms) = preSolution
		Debug|Any CPU = Debug|Any CPU
		Release|Any CPU = Release|Any CPU
	EndGlobalSection
	GlobalSection(ProjectConfigurationPlatforms) = postSolution
		{A35C094A-8926-456D-AF60-39FA7038D6E0}.Debug|Any CPU.ActiveCfg = Debug|Any CPU
		{A35C094A-8926-456D-AF60-39FA7038D6E0}.Debug|Any CPU.Build.0 = Debug|Any CPU
		{A35C094A-8926-456D-AF60-39FA7038D6E0}.Release|Any CPU.ActiveCfg = Release|Any CPU
		{A35C094A-8926-456D-AF60-39FA7038D6E0}.Release|Any CPU.Build.0 = Release|Any CPU
	EndGlobalSection
	GlobalSection(SolutionProperties) = preSolution
		HideSolutionNode = FALSE
	EndGlobalSection
	GlobalSection(ExtensibilityGlobals) = postSolution
		SolutionGuid = {923D4ADC-4ACF-4241-8FE7-4817056D5D75}
	EndGlobalSection
EndGlobal
